
Microsoft Visual Studio Solution File, Format Version 12.00
# Visual Studio Version 16
VisualStudioVersion = 16.0.30907.101
MinimumVisualStudioVersion = 10.0.40219.1
Project("{FAE04EC0-301F-11D3-BF4B-00C04F79EFBC}") = "Test 2", "Test 2\Test 2.csproj", "{6FB92141-5E5A-4DEC-BB6E-3C1AE555E1F1}"
EndProject
Global
	GlobalSection(SolutionConfigurationPlatforms) = preSolution
		Debug|Any CPU = Debug|Any CPU
		Release|Any CPU = Release|Any CPU
	EndGlobalSection
	GlobalSection(ProjectConfigurationPlatforms) = postSolution
		{6FB92141-5E5A-4DEC-BB6E-3C1AE555E1F1}.Debug|Any CPU.ActiveCfg = Debug|Any CPU
		{6FB92141-5E5A-4DEC-BB6E-3C1AE555E1F1}.Debug|Any CPU.Build.0 = Debug|Any CPU
		{6FB92141-5E5A-4DEC-BB6E-3C1AE555E1F1}.Release|Any CPU.ActiveCfg = Release|Any CPU
		{6FB92141-5E5A-4DEC-BB6E-3C1AE555E1F1}.Release|Any CPU.Build.0 = Release|Any CPU
	EndGlobalSection
	GlobalSection(SolutionProperties) = preSolution
		HideSolutionNode = FALSE
	EndGlobalSection
	GlobalSection(ExtensibilityGlobals) = postSolution
		SolutionGuid = {B9439116-1164-4609-BCBE-2FC64EF14C03}
	EndGlobalSection
EndGlobal
